Microsoft Visual Studio Solution File, Format Version 11.00
# Visual Studio 2008

Project("{B459FEAF-49CF-6306-61CB-F7A283BF9961}") = "DC Slingshot Project", "Assembly-CSharp.csproj", "{90579556-CC6D-F435-70F5-D81517F22C5A}"
EndProject
Global
	GlobalSection(SolutionConfigurationPlatforms) = preSolution
		Debug|Any CPU = Debug|Any CPU
		Release|Any CPU = Release|Any CPU
	EndGlobalSection
	GlobalSection(ProjectConfigurationPlatforms) = postSolution
		{90579556-CC6D-F435-70F5-D81517F22C5A}.Debug|Any CPU.ActiveCfg = Debug|Any CPU
		{90579556-CC6D-F435-70F5-D81517F22C5A}.Debug|Any CPU.Build.0 = Debug|Any CPU
		{90579556-CC6D-F435-70F5-D81517F22C5A}.Release|Any CPU.ActiveCfg = Release|Any CPU
		{90579556-CC6D-F435-70F5-D81517F22C5A}.Release|Any CPU.Build.0 = Release|Any CPU
	EndGlobalSection
	GlobalSection(SolutionProperties) = preSolution
		HideSolutionNode = FALSE
	EndGlobalSection
	GlobalSection(MonoDevelopProperties) = preSolution
		StartupItem = Assembly-CSharp.csproj
	EndGlobalSection
EndGlobal
